// !$*UTF8*$!
{
	archiveVersion = 1;
	classes = {
	};
	objectVersion = 46;
	objects = {

/* Begin PBXBuildFile section */
		84524C2A1CFC218A0025F310 /* main.m in Sources */ = {isa = PBXBuildFile; fileRef = 84524C291CFC218A0025F310 /* main.m */; };
		84524C2D1CFC218A0025F310 /* AppDelegate.m in Sources */ = {isa = PBXBuildFile; fileRef = 84524C2C1CFC218A0025F310 /* AppDelegate.m */; };
		84524C301CFC218A0025F310 /* ViewController.m in Sources */ = {isa = PBXBuildFile; fileRef = 84524C2F1CFC218A0025F310 /* ViewController.m */; };
		84524C331CFC218A0025F310 /* Main.storyboard in Resources */ = {isa = PBXBuildFile; fileRef = 84524C311CFC218A0025F310 /* Main.storyboard */; };
		84524C351CFC218A0025F310 /* Assets.xcassets in Resources */ = {isa = PBXBuildFile; fileRef = 84524C341CFC218A0025F310 /* Assets.xcassets */; };
		84524C381CFC218A0025F310 /* LaunchScreen.storyboard in Resources */ = {isa = PBXBuildFile; fileRef = 84524C361CFC218A0025F310 /* LaunchScreen.storyboard */; };
		84524C431CFC218A0025F310 /* TEST001Tests.m in Sources */ = {isa = PBXBuildFile; fileRef = 84524C421CFC218A0025F310 /* TEST001Tests.m */; };
		84524C4E1CFC218A0025F310 /* TEST001UITests.m in Sources */ = {isa = PBXBuildFile; fileRef = 84524C4D1CFC218A0025F310 /* TEST001UITests.m */; };
/* End PBXBuildFile section */

/* Begin PBXContainerItemProxy section */
		84524C3F1CFC218A0025F310 /* PBXContainerItemProxy */ = {
			isa = PBXContainerItemProxy;
			containerPortal = 84524C1D1CFC218A0025F310 /* Project object */;
			proxyType = 1;
			remoteGlobalIDString = 84524C241CFC218A0025F310;
			remoteInfo = TEST001;
		};
		84524C4A1CFC218A0025F310 /* PBXContainerItemProxy */ = {
			isa = PBXContainerItemProxy;
			containerPortal = 84524C1D1CFC218A0025F310 /* Project object */;
			proxyType = 1;
			remoteGlobalIDString = 84524C241CFC218A0025F310;
			remoteInfo = TEST001;
		};
/* End PBXContainerItemProxy section */

/* Begin PBXFileReference section */
		84524C251CFC218A0025F310 /* TEST001.app */ = {isa = PBXFileReference; explicitFileType = wrapper.application; includeInIndex = 0; path = TEST001.app; sourceTree = BUILT_PRODUCTS_DIR; };
		84524C291CFC218A0025F310 /* main.m */ = {isa = PBXFileReference; lastKnownFileType = sourcecode.c.objc; path = main.m; sourceTree = "<group>"; };
		84524C2B1CFC218A0025F310 /* AppDelegate.h */ = {isa = PBXFileReference; lastKnownFileType = sourcecode.c.h; path = AppDelegate.h; sourceTree = "<group>"; };
		84524C2C1CFC218A0025F310 /* AppDelegate.m */ = {isa = PBXFileReference; lastKnownFileType = sourcecode.c.objc; path = AppDelegate.m; sourceTree = "<group>"; };
		84524C2E1CFC218A0025F310 /* ViewController.h */ = {isa = PBXFileReference; lastKnownFileType = sourcecode.c.h; path = ViewController.h; sourceTree = "<group>"; };
		84524C2F1CFC218A0025F310 /* ViewController.m */ = {isa = PBXFileReference; lastKnownFileType = sourcecode.c.objc; path = ViewController.m; sourceTree = "<group>"; };
		84524C321CFC218A0025F310 /* Base */ = {isa = PBXFileReference; lastKnownFileType = file.storyboard; name = Base; path = Base.lproj/Main.storyboard; sourceTree = "<group>"; };
		84524C341CFC218A0025F310 /* Assets.xcassets */ = {isa = PBXFileReference; lastKnownFileType = folder.assetcatalog; path = Assets.xcassets; sourceTree = "<group>"; };
		84524C371CFC218A0025F310 /* Base */ = {isa = PBXFileReference; lastKnownFileType = file.storyboard; name = Base; path = Base.lproj/LaunchScreen.storyboard; sourceTree = "<group>"; };
		84524C391CFC218A0025F310 /* Info.plist */ = {isa = PBXFileReference; lastKnownFileType = text.plist.xml; path = Info.plist; sourceTree = "<group>"; };
		84524C3E1CFC218A0025F310 /* TEST001Tests.xctest */ = {isa = PBXFileReference; explicitFileType = wrapper.cfbundle; includeInIndex = 0; path = TEST001Tests.xctest; sourceTree = BUILT_PRODUCTS_DIR; };
		84524C421CFC218A0025F310 /* TEST001Tests.m */ = {isa = PBXFileReference; lastKnownFileType = sourcecode.c.objc; path = TEST001Tests.m; sourceTree = "<group>"; };
		84524C441CFC218A0025F310 /* Info.plist */ = {isa = PBXFileReference; lastKnownFileType = text.plist.xml; path = Info.plist; sourceTree = "<group>"; };
		84524C491CFC218A0025F310 /* TEST001UITests.xctest */ = {isa = PBXFileReference; explicitFileType = wrapper.cfbundle; includeInIndex = 0; path = TEST001UITests.xctest; sourceTree = BUILT_PRODUCTS_DIR; };
		84524C4D1CFC218A0025F310 /* TEST001UITests.m */ = {isa = PBXFileReference; lastKnownFileType = sourcecode.c.objc; path = TEST001UITests.m; sourceTree = "<group>"; };
		84524C4F1CFC218A0025F310 /* Info.plist */ = {isa = PBXFileReference; lastKnownFileType = text.plist.xml; path = Info.plist; sourceTree = "<group>"; };
/* End PBXFileReference section */

/* Begin PBXFrameworksBuildPhase section */
		84524C221CFC218A0025F310 /* Frameworks */ = {
			isa = PBXFrameworksBuildPhase;
			buildActionMask = 2147483647;
			files = (
			);
			runOnlyForDeploymentPostprocessing = 0;
		};
		84524C3B1CFC218A0025F310 /* Frameworks */ = {
			isa = PBXFrameworksBuildPhase;
			buildActionMask = 2147483647;
			files = (
			);
			runOnlyForDeploymentPostprocessing = 0;
		};
		84524C461CFC218A0025F310 /* Frameworks */ = {
			isa = PBXFrameworksBuildPhase;
			buildActionMask = 2147483647;
			files = (
			);
			runOnlyForDeploymentPostprocessing = 0;
		};
/* End PBXFrameworksBuildPhase section */

/* Begin PBXGroup section */
		84524C1C1CFC218A0025F310 = {
			isa = PBXGroup;
			children = (
				84524C271CFC218A0025F310 /* TEST001 */,
				84524C411CFC218A0025F310 /* TEST001Tests */,
				84524C4C1CFC218A0025F310 /* TEST001UITests */,
				84524C261CFC218A0025F310 /* Products */,
			);
			sourceTree = "<group>";
		};
		84524C261CFC218A0025F310 /* Products */ = {
			isa = PBXGroup;
			children = (
				84524C251CFC218A0025F310 /* TEST001.app */,
				84524C3E1CFC218A0025F310 /* TEST001Tests.xctest */,
				84524C491CFC218A0025F310 /* TEST001UITests.xctest */,
			);
			name = Products;
			sourceTree = "<group>";
		};
		84524C271CFC218A0025F310 /* TEST001 */ = {
			isa = PBXGroup;
			children = (
				84524C2B1CFC218A0025F310 /* AppDelegate.h */,
				84524C2C1CFC218A0025F310 /* AppDelegate.m */,
				84524C2E1CFC218A0025F310 /* ViewController.h */,
				84524C2F1CFC218A0025F310 /* ViewController.m */,
				84524C311CFC218A0025F310 /* Main.storyboard */,
				84524C341CFC218A0025F310 /* Assets.xcassets */,
				84524C361CFC218A0025F310 /* LaunchScreen.storyboard */,
				84524C391CFC218A0025F310 /* Info.plist */,
				84524C281CFC218A0025F310 /* Supporting Files */,
			);
			path = TEST001;
			sourceTree = "<group>";
		};
		84524C281CFC218A0025F310 /* Supporting Files */ = {
			isa = PBXGroup;
			children = (
				84524C291CFC218A0025F310 /* main.m */,
			);
			name = "Supporting Files";
			sourceTree = "<group>";
		};
		84524C411CFC218A0025F310 /* TEST001Tests */ = {
			isa = PBXGroup;
			children = (
				84524C421CFC218A0025F310 /* TEST001Tests.m */,
				84524C441CFC218A0025F310 /* Info.plist */,
			);
			path = TEST001Tests;
			sourceTree = "<group>";
		};
		84524C4C1CFC218A0025F310 /* TEST001UITests */ = {
			isa = PBXGroup;
			children = (
				84524C4D1CFC218A0025F310 /* TEST001UITests.m */,
				84524C4F1CFC218A0025F310 /* Info.plist */,
			);
			path = TEST001UITests;
			sourceTree = "<group>";
		};
/* End PBXGroup section */

/* Begin PBXNativeTarget section */
		84524C241CFC218A0025F310 /* TEST001 */ = {
			isa = PBXNativeTarget;
			buildConfigurationList = 84524C521CFC218A0025F310 /* Build configuration list for PBXNativeTarget "TEST001" */;
			buildPhases = (
				84524C211CFC218A0025F310 /* Sources */,
				84524C221CFC218A0025F310 /* Frameworks */,
				84524C231CFC218A0025F310 /* Resources */,
			);
			buildRules = (
			);
			dependencies = (
			);
			name = TEST001;
			productName = TEST001;
			productReference = 84524C251CFC218A0025F310 /* TEST001.app */;
			productType = "com.apple.product-type.application";
		};
		84524C3D1CFC218A0025F310 /* TEST001Tests */ = {
			isa = PBXNativeTarget;
			buildConfigurationList = 84524C551CFC218A0025F310 /* Build configuration list for PBXNativeTarget "TEST001Tests" */;
			buildPhases = (
				84524C3A1CFC218A0025F310 /* Sources */,
				84524C3B1CFC218A0025F310 /* Frameworks */,
				84524C3C1CFC218A0025F310 /* Resources */,
			);
			buildRules = (
			);
			dependencies = (
				84524C401CFC218A0025F310 /* PBXTargetDependency */,
			);
			name = TEST001Tests;
			productName = TEST001Tests;
			productReference = 84524C3E1CFC218A0025F310 /* TEST001Tests.xctest */;
			productType = "com.apple.product-type.bundle.unit-test";
		};
		84524C481CFC218A0025F310 /* TEST001UITests */ = {
			isa = PBXNativeTarget;
			buildConfigurationList = 84524C581CFC218A0025F310 /* Build configuration list for PBXNativeTarget "TEST001UITests" */;
			buildPhases = (
				84524C451CFC218A0025F310 /* Sources */,
				84524C461CFC218A0025F310 /* Frameworks */,
				84524C471CFC218A0025F310 /* Resources */,
			);
			buildRules = (
			);
			dependencies = (
				84524C4B1CFC218A0025F310 /* PBXTargetDependency */,
			);
			name = TEST001UITests;
			productName = TEST001UITests;
			productReference = 84524C491CFC218A0025F310 /* TEST001UITests.xctest */;
			productType = "com.apple.product-type.bundle.ui-testing";
		};
/* End PBXNativeTarget section */

/* Begin PBXProject section */
		84524C1D1CFC218A0025F310 /* Project object */ = {
			isa = PBXProject;
			attributes = {
				LastUpgradeCheck = 0730;
				ORGANIZATIONNAME = AlezJi;
				TargetAttributes = {
					84524C241CFC218A0025F310 = {
						CreatedOnToolsVersion = 7.3.1;
						DevelopmentTeam = 7UD65F8GWP;
					};
					84524C3D1CFC218A0025F310 = {
						CreatedOnToolsVersion = 7.3.1;
						DevelopmentTeam = 7UD65F8GWP;
						TestTargetID = 84524C241CFC218A0025F310;
					};
					84524C481CFC218A0025F310 = {
						CreatedOnToolsVersion = 7.3.1;
						DevelopmentTeam = 7UD65F8GWP;
						TestTargetID = 84524C241CFC218A0025F310;
					};
				};
			};
			buildConfigurationList = 84524C201CFC218A0025F310 /* Build configuration list for PBXProject "TEST001" */;
			compatibilityVersion = "Xcode 3.2";
			developmentRegion = English;
			hasScannedForEncodings = 0;
			knownRegions = (
				en,
				Base,
			);
			mainGroup = 84524C1C1CFC218A0025F310;
			productRefGroup = 84524C261CFC218A0025F310 /* Products */;
			projectDirPath = "";
			projectRoot = "";
			targets = (
				84524C241CFC218A0025F310 /* TEST001 */,
				84524C3D1CFC218A0025F310 /* TEST001Tests */,
				84524C481CFC218A0025F310 /* TEST001UITests */,
			);
		};
/* End PBXProject section */

/* Begin PBXResourcesBuildPhase section */
		84524C231CFC218A0025F310 /* Resources */ = {
			isa = PBXResourcesBuildPhase;
			buildActionMask = 2147483647;
			files = (
				84524C381CFC218A0025F310 /* LaunchScreen.storyboard in Resources */,
				84524C351CFC218A0025F310 /* Assets.xcassets in Resources */,
				84524C331CFC218A0025F310 /* Main.storyboard in Resources */,
			);
			runOnlyForDeploymentPostprocessing = 0;
		};
		84524C3C1CFC218A0025F310 /* Resources */ = {
			isa = PBXResourcesBuildPhase;
			buildActionMask = 2147483647;
			files = (
			);
			runOnlyForDeploymentPostprocessing = 0;
		};
		84524C471CFC218A0025F310 /* Resources */ = {
			isa = PBXResourcesBuildPhase;
			buildActionMask = 2147483647;
			files = (
			);
			runOnlyForDeploymentPostprocessing = 0;
		};
/* End PBXResourcesBuildPhase section */

/* Begin PBXSourcesBuildPhase section */
		84524C211CFC218A0025F310 /* Sources */ = {
			isa = PBXSourcesBuildPhase;
			buildActionMask = 2147483647;
			files = (
				84524C301CFC218A0025F310 /* ViewController.m in Sources */,
				84524C2D1CFC218A0025F310 /* AppDelegate.m in Sources */,
				84524C2A1CFC218A0025F310 /* main.m in Sources */,
			);
			runOnlyForDeploymentPostprocessing = 0;
		};
		84524C3A1CFC218A0025F310 /* Sources */ = {
			isa = PBXSourcesBuildPhase;
			buildActionMask = 2147483647;
			files = (
				84524C431CFC218A0025F310 /* TEST001Tests.m in Sources */,
			);
			runOnlyForDeploymentPostprocessing = 0;
		};
		84524C451CFC218A0025F310 /* Sources */ = {
			isa = PBXSourcesBuildPhase;
			buildActionMask = 2147483647;
			files = (
				84524C4E1CFC218A0025F310 /* TEST001UITests.m in Sources */,
			);
			runOnlyForDeploymentPostprocessing = 0;
		};
/* End PBXSourcesBuildPhase section */

/* Begin PBXTargetDependency section */
		84524C401CFC218A0025F310 /* PBXTargetDependency */ = {
			isa = PBXTargetDependency;
			target = 84524C241CFC218A0025F310 /* TEST001 */;
			targetProxy = 84524C3F1CFC218A0025F310 /* PBXContainerItemProxy */;
		};
		84524C4B1CFC218A0025F310 /* PBXTargetDependency */ = {
			isa = PBXTargetDependency;
			target = 84524C241CFC218A0025F310 /* TEST001 */;
			targetProxy = 84524C4A1CFC218A0025F310 /* PBXContainerItemProxy */;
		};
/* End PBXTargetDependency section */

/* Begin PBXVariantGroup section */
		84524C311CFC218A0025F310 /* Main.storyboard */ = {
			isa = PBXVariantGroup;
			children = (
				84524C321CFC218A0025F310 /* Base */,
			);
			name = Main.storyboard;
			sourceTree = "<group>";
		};
		84524C361CFC218A0025F310 /* LaunchScreen.storyboard */ = {
			isa = PBXVariantGroup;
			children = (
				84524C371CFC218A0025F310 /* Base */,
			);
			name = LaunchScreen.storyboard;
			sourceTree = "<group>";
		};
/* End PBXVariantGroup section */

/* Begin XCBuildConfiguration section */
		84524C501CFC218A0025F310 /* Debug */ = {
			isa = XCBuildConfiguration;
			buildSettings = {
				ALWAYS_SEARCH_USER_PATHS = NO;
				CLANG_ANALYZER_NONNULL = YES;
				CLANG_CXX_LANGUAGE_STANDARD = "gnu++0x";
				CLANG_CXX_LIBRARY = "libc++";
				CLANG_ENABLE_MODULES = YES;
				CLANG_ENABLE_OBJC_ARC = YES;
				CLANG_WARN_BOOL_CONVERSION = YES;
				CLANG_WARN_CONSTANT_CONVERSION = YES;
				CLANG_WARN_DIRECT_OBJC_ISA_USAGE = YES_ERROR;
				CLANG_WARN_EMPTY_BODY = YES;
				CLANG_WARN_ENUM_CONVERSION = YES;
				CLANG_WARN_INT_CONVERSION = YES;
				CLANG_WARN_OBJC_ROOT_CLASS = YES_ERROR;
				CLANG_WARN_UNREACHABLE_CODE = YES;
				CLANG_WARN__DUPLICATE_METHOD_MATCH = YES;
				"CODE_SIGN_IDENTITY[sdk=iphoneos*]" = "iPhone Developer";
				COPY_PHASE_STRIP = NO;
				DEBUG_INFORMATION_FORMAT = dwarf;
				ENABLE_STRICT_OBJC_MSGSEND = YES;
				ENABLE_TESTABILITY = YES;
				GCC_C_LANGUAGE_STANDARD = gnu99;
				GCC_DYNAMIC_NO_PIC = NO;
				GCC_NO_COMMON_BLOCKS = YES;
				GCC_OPTIMIZATION_LEVEL = 0;
				GCC_PREPROCESSOR_DEFINITIONS = (
					"DEBUG=1",
					"$(inherited)",
				);
				GCC_WARN_64_TO_32_BIT_CONVERSION = YES;
				GCC_WARN_ABOUT_RETURN_TYPE = YES_ERROR;
				GCC_WARN_UNDECLARED_SELECTOR = YES;
				GCC_WARN_UNINITIALIZED_AUTOS = YES_AGGRESSIVE;
				GCC_WARN_UNUSED_FUNCTION = YES;
				GCC_WARN_UNUSED_VARIABLE = YES;
				IPHONEOS_DEPLOYMENT_TARGET = 9.3;
				MTL_ENABLE_DEBUG_INFO = YES;
				ONLY_ACTIVE_ARCH = YES;
				SDKROOT = iphoneos;
			};
			name = Debug;
		};
		84524C511CFC218A0025F310 /* Release */ = {
			isa = XCBuildConfiguration;
			buildSettings = {
				ALWAYS_SEARCH_USER_PATHS = NO;
				CLANG_ANALYZER_NONNULL = YES;
				CLANG_CXX_LANGUAGE_STANDARD = "gnu++0x";
				CLANG_CXX_LIBRARY = "libc++";
				CLANG_ENABLE_MODULES = YES;
				CLANG_ENABLE_OBJC_ARC = YES;
				CLANG_WARN_BOOL_CONVERSION = YES;
				CLANG_WARN_CONSTANT_CONVERSION = YES;
				CLANG_WARN_DIRECT_OBJC_ISA_USAGE = YES_ERROR;
				CLANG_WARN_EMPTY_BODY = YES;
				CLANG_WARN_ENUM_CONVERSION = YES;
				CLANG_WARN_INT_CONVERSION = YES;
				CLANG_WARN_OBJC_ROOT_CLASS = YES_ERROR;
				CLANG_WARN_UNREACHABLE_CODE = YES;
				CLANG_WARN__DUPLICATE_METHOD_MATCH = YES;
				"CODE_SIGN_IDENTITY[sdk=iphoneos*]" = "iPhone Developer";
				COPY_PHASE_STRIP = NO;
				DEBUG_INFORMATION_FORMAT = "dwarf-with-dsym";
				ENABLE_NS_ASSERTIONS = NO;
				ENABLE_STRICT_OBJC_MSGSEND = YES;
				GCC_C_LANGUAGE_STANDARD = gnu99;
				GCC_NO_COMMON_BLOCKS = YES;
				GCC_WARN_64_TO_32_BIT_CONVERSION = YES;
				GCC_WARN_ABOUT_RETURN_TYPE = YES_ERROR;
				GCC_WARN_UNDECLARED_SELECTOR = YES;
				GCC_WARN_UNINITIALIZED_AUTOS = YES_AGGRESSIVE;
				GCC_WARN_UNUSED_FUNCTION = YES;
				GCC_WARN_UNUSED_VARIABLE = YES;
				IPHONEOS_DEPLOYMENT_TARGET = 9.3;
				MTL_ENABLE_DEBUG_INFO = NO;
				SDKROOT = iphoneos;
				VALIDATE_PRODUCT = YES;
			};
			name = Release;
		};
		84524C531CFC218A0025F310 /* Debug */ = {
			isa = XCBuildConfiguration;
			buildSettings = {
				ASSETCATALOG_COMPILER_APPICON_NAME = AppIcon;
				INFOPLIST_FILE = TEST001/Info.plist;
				LD_RUNPATH_SEARCH_PATHS = "$(inherited) @executable_path/Frameworks";
				PRODUCT_BUNDLE_IDENTIFIER = AlezJI.TEST001;
				PRODUCT_NAME = "$(TARGET_NAME)";
			};
			name = Debug;
		};
		84524C541CFC218A0025F310 /* Release */ = {
			isa = XCBuildConfiguration;
			buildSettings = {
				ASSETCATALOG_COMPILER_APPICON_NAME = AppIcon;
				INFOPLIST_FILE = TEST001/Info.plist;
				LD_RUNPATH_SEARCH_PATHS = "$(inherited) @executable_path/Frameworks";
				PRODUCT_BUNDLE_IDENTIFIER = AlezJI.TEST001;
				PRODUCT_NAME = "$(TARGET_NAME)";
			};
			name = Release;
		};
		84524C561CFC218A0025F310 /* Debug */ = {
			isa = XCBuildConfiguration;
			buildSettings = {
				BUNDLE_LOADER = "$(TEST_HOST)";
				INFOPLIST_FILE = TEST001Tests/Info.plist;
				LD_RUNPATH_SEARCH_PATHS = "$(inherited) @executable_path/Frameworks @loader_path/Frameworks";
				PRODUCT_BUNDLE_IDENTIFIER = AlezJI.TEST001Tests;
				PRODUCT_NAME = "$(TARGET_NAME)";
				TEST_HOST = "$(BUILT_PRODUCTS_DIR)/TEST001.app/TEST001";
			};
			name = Debug;
		};
		84524C571CFC218A0025F310 /* Release */ = {
			isa = XCBuildConfiguration;
			buildSettings = {
				BUNDLE_LOADER = "$(TEST_HOST)";
				INFOPLIST_FILE = TEST001Tests/Info.plist;
				LD_RUNPATH_SEARCH_PATHS = "$(inherited) @executable_path/Frameworks @loader_path/Frameworks";
				PRODUCT_BUNDLE_IDENTIFIER = AlezJI.TEST001Tests;
				PRODUCT_NAME = "$(TARGET_NAME)";
				TEST_HOST = "$(BUILT_PRODUCTS_DIR)/TEST001.app/TEST001";
			};
			name = Release;
		};
		84524C591CFC218A0025F310 /* Debug */ = {
			isa = XCBuildConfiguration;
			buildSettings = {
				INFOPLIST_FILE = TEST001UITests/Info.plist;
				LD_RUNPATH_SEARCH_PATHS = "$(inherited) @executable_path/Frameworks @loader_path/Frameworks";
				PRODUCT_BUNDLE_IDENTIFIER = AlezJI.TEST001UITests;
				PRODUCT_NAME = "$(TARGET_NAME)";
				TEST_TARGET_NAME = TEST001;
			};
			name = Debug;
		};
		84524C5A1CFC218A0025F310 /* Release */ = {
			isa = XCBuildConfiguration;
			buildSettings = {
				INFOPLIST_FILE = TEST001UITests/Info.plist;
				LD_RUNPATH_SEARCH_PATHS = "$(inherited) @executable_path/Frameworks @loader_path/Frameworks";
				PRODUCT_BUNDLE_IDENTIFIER = AlezJI.TEST001UITests;
				PRODUCT_NAME = "$(TARGET_NAME)";
				TEST_TARGET_NAME = TEST001;
			};
			name = Release;
		};
/* End XCBuildConfiguration section */

/* Begin XCConfigurationList section */
		84524C201CFC218A0025F310 /* Build configuration list for PBXProject "TEST001" */ = {
			isa = XCConfigurationList;
			buildConfigurations = (
				84524C501CFC218A0025F310 /* Debug */,
				84524C511CFC218A0025F310 /* Release */,
			);
			defaultConfigurationIsVisible = 0;
			defaultConfigurationName = Release;
		};
		84524C521CFC218A0025F310 /* Build configuration list for PBXNativeTarget "TEST001" */ = {
			isa = XCConfigurationList;
			buildConfigurations = (
				84524C531CFC218A0025F310 /* Debug */,
				84524C541CFC218A0025F310 /* Release */,
			);
			defaultConfigurationIsVisible = 0;
		};
		84524C551CFC218A0025F310 /* Build configuration list for PBXNativeTarget "TEST001Tests" */ = {
			isa = XCConfigurationList;
			buildConfigurations = (
				84524C561CFC218A0025F310 /* Debug */,
				84524C571CFC218A0025F310 /* Release */,
			);
			defaultConfigurationIsVisible = 0;
		};
		84524C581CFC218A0025F310 /* Build configuration list for PBXNativeTarget "TEST001UITests" */ = {
			isa = XCConfigurationList;
			buildConfigurations = (
				84524C591CFC218A0025F310 /* Debug */,
				84524C5A1CFC218A0025F310 /* Release */,
			);
			defaultConfigurationIsVisible = 0;
		};
/* End XCConfigurationList section */
	};
	rootObject = 84524C1D1CFC218A0025F310 /* Project object */;
}
